
Microsoft Visual Studio Solution File, Format Version 12.00
# Visual Studio Version 17
VisualStudioVersion = 17.4.33122.133
MinimumVisualStudioVersion = 10.0.40219.1
Project("{2150E333-8FDC-42A3-9474-1A3956D46DE8}") = "Services", "Services", "{78B8C13B-C38E-4E34-BD6D-EE6C4E284A57}"
EndProject
Project("{2150E333-8FDC-42A3-9474-1A3956D46DE8}") = "WebApps", "WebApps", "{9E87422A-8D1E-44EF-BB54-67BA374CAE78}"
EndProject
Project("{2150E333-8FDC-42A3-9474-1A3956D46DE8}") = "Cadastros", "Cadastros", "{A5FBD4A4-9986-4AF6-BB5C-0B44C01B4BEE}"
EndProject
Project("{2150E333-8FDC-42A3-9474-1A3956D46DE8}") = "Catalogo", "Catalogo", "{A5F7FDE6-847E-4D6E-A3A1-FABEBC8D51CE}"
EndProject
Project("{2150E333-8FDC-42A3-9474-1A3956D46DE8}") = "Core", "Core", "{0F497609-7AC3-467C-A1B7-BE3F2F61BB4F}"
EndProject
Project("{2150E333-8FDC-42A3-9474-1A3956D46DE8}") = "Fiscal", "Fiscal", "{98514DF1-E595-43D3-A96C-4D7DFB91F114}"
EndProject
Project("{2150E333-8FDC-42A3-9474-1A3956D46DE8}") = "Pagamentos", "Pagamentos", "{BECB8B58-A6CA-4B78-81DC-BFBA766816A3}"
EndProject
Project("{2150E333-8FDC-42A3-9474-1A3956D46DE8}") = "Vendas", "Vendas", "{7385A1FC-075B-4600-97A2-E41249C9630F}"
EndProject
Project("{FAE04EC0-301F-11D3-BF4B-00C04F79EFBC}") = "NerdStore.Catalogo.Domain", "src\NerdStore.Catalogo.Domain\NerdStore.Catalogo.Domain.csproj", "{A49390BE-28A9-49C2-B5B7-E768D9B356FD}"
EndProject
Project("{FAE04EC0-301F-11D3-BF4B-00C04F79EFBC}") = "NerdStore.Core", "src\NerdStore.Core\NerdStore.Core.csproj", "{83F1F5E5-6234-4041-BA23-23692B0C6A8E}"
EndProject
Global
	GlobalSection(SolutionConfigurationPlatforms) = preSolution
		Debug|Any CPU = Debug|Any CPU
		Release|Any CPU = Release|Any CPU
	EndGlobalSection
	GlobalSection(ProjectConfigurationPlatforms) = postSolution
		{A49390BE-28A9-49C2-B5B7-E768D9B356FD}.Debug|Any CPU.ActiveCfg = Debug|Any CPU
		{A49390BE-28A9-49C2-B5B7-E768D9B356FD}.Debug|Any CPU.Build.0 = Debug|Any CPU
		{A49390BE-28A9-49C2-B5B7-E768D9B356FD}.Release|Any CPU.ActiveCfg = Release|Any CPU
		{A49390BE-28A9-49C2-B5B7-E768D9B356FD}.Release|Any CPU.Build.0 = Release|Any CPU
		{83F1F5E5-6234-4041-BA23-23692B0C6A8E}.Debug|Any CPU.ActiveCfg = Debug|Any CPU
		{83F1F5E5-6234-4041-BA23-23692B0C6A8E}.Debug|Any CPU.Build.0 = Debug|Any CPU
		{83F1F5E5-6234-4041-BA23-23692B0C6A8E}.Release|Any CPU.ActiveCfg = Release|Any CPU
		{83F1F5E5-6234-4041-BA23-23692B0C6A8E}.Release|Any CPU.Build.0 = Release|Any CPU
	EndGlobalSection
	GlobalSection(SolutionProperties) = preSolution
		HideSolutionNode = FALSE
	EndGlobalSection
	GlobalSection(NestedProjects) = preSolution
		{A5FBD4A4-9986-4AF6-BB5C-0B44C01B4BEE} = {78B8C13B-C38E-4E34-BD6D-EE6C4E284A57}
		{A5F7FDE6-847E-4D6E-A3A1-FABEBC8D51CE} = {78B8C13B-C38E-4E34-BD6D-EE6C4E284A57}
		{0F497609-7AC3-467C-A1B7-BE3F2F61BB4F} = {78B8C13B-C38E-4E34-BD6D-EE6C4E284A57}
		{98514DF1-E595-43D3-A96C-4D7DFB91F114} = {78B8C13B-C38E-4E34-BD6D-EE6C4E284A57}
		{BECB8B58-A6CA-4B78-81DC-BFBA766816A3} = {78B8C13B-C38E-4E34-BD6D-EE6C4E284A57}
		{7385A1FC-075B-4600-97A2-E41249C9630F} = {78B8C13B-C38E-4E34-BD6D-EE6C4E284A57}
		{A49390BE-28A9-49C2-B5B7-E768D9B356FD} = {A5F7FDE6-847E-4D6E-A3A1-FABEBC8D51CE}
		{83F1F5E5-6234-4041-BA23-23692B0C6A8E} = {0F497609-7AC3-467C-A1B7-BE3F2F61BB4F}
	EndGlobalSection
	GlobalSection(ExtensibilityGlobals) = postSolution
		SolutionGuid = {609C7EAB-850D-461B-AB1A-421DC59FED1B}
	EndGlobalSection
EndGlobal
